# THIS IS AN AUTOGENERATED FILE. DO NOT EDIT THIS FILE DIRECTLY.
# yarn lockfile v1


terminal-color@^0.1.2:
  version "0.1.2"
  resolved "https://registry.yarnpkg.com/terminal-color/-/terminal-color-0.1.2.tgz#91a7ec5451a2fb9cb0d19c14a37c224ecd6eaa01"
  integrity sha512-xHiCbn3yTpsMCPIA0pxG4SPaisYUaLBv60PJ/FmG3R5OAgfOA4VR4aZIrckyqWlhb0kPxaMPO/+BnXTnSYtk1Q==
